PODS:
  - SIActionSheet (1.1):
    - SISecondaryWindowRootViewController (~> 0.1)
  - SISecondaryWindowRootViewController (0.1)

DEPENDENCIES:
  - SIActionSheet (from `../`)

EXTERNAL SOURCES:
  SIActionSheet:
    :path: ../

SPEC CHECKSUMS:
  SIActionSheet: e140ac9084abdda74d2cb55df837458adc39eb35
  SISecondaryWindowRootViewController: d8f4732019e3e60f903d6a23dddcb2468642943b

COCOAPODS: 0.34.2
